
Microsoft Visual Studio Solution File, Format Version 12.00
# Visual Studio Version 17
VisualStudioVersion = 17.6.33829.357
MinimumVisualStudioVersion = 10.0.40219.1
Project("{FAE04EC0-301F-11D3-BF4B-00C04F79EFBC}") = "Aurora_be", "Aurora_be\Aurora_be.csproj", "{20884277-0473-462E-B071-983C3A1A20A2}"
EndProject
Global
	GlobalSection(SolutionConfigurationPlatforms) = preSolution
		Debug|Any CPU = Debug|Any CPU
		Release|Any CPU = Release|Any CPU
	EndGlobalSection
	GlobalSection(ProjectConfigurationPlatforms) = postSolution
		{20884277-0473-462E-B071-983C3A1A20A2}.Debug|Any CPU.ActiveCfg = Debug|Any CPU
		{20884277-0473-462E-B071-983C3A1A20A2}.Debug|Any CPU.Build.0 = Debug|Any CPU
		{20884277-0473-462E-B071-983C3A1A20A2}.Release|Any CPU.ActiveCfg = Release|Any CPU
		{20884277-0473-462E-B071-983C3A1A20A2}.Release|Any CPU.Build.0 = Release|Any CPU
	EndGlobalSection
	GlobalSection(SolutionProperties) = preSolution
		HideSolutionNode = FALSE
	EndGlobalSection
	GlobalSection(ExtensibilityGlobals) = postSolution
		SolutionGuid = {E7F2CDC6-D9B8-4691-B48D-178CF91BEDE1}
	EndGlobalSection
EndGlobal
